
Microsoft Visual Studio Solution File, Format Version 12.00
# Visual Studio Version 16
VisualStudioVersion = 16.0.28922.388
MinimumVisualStudioVersion = 10.0.40219.1
Project("{FAE04EC0-301F-11D3-BF4B-00C04F79EFBC}") = "Rechner", "Rechner\Rechner.csproj", "{759544C9-E2E3-4B75-A7BC-66DD25AAA767}"
EndProject
Global
	GlobalSection(SolutionConfigurationPlatforms) = preSolution
		Debug|Any CPU = Debug|Any CPU
		Release|Any CPU = Release|Any CPU
	EndGlobalSection
	GlobalSection(ProjectConfigurationPlatforms) = postSolution
		{759544C9-E2E3-4B75-A7BC-66DD25AAA767}.Debug|Any CPU.ActiveCfg = Debug|Any CPU
		{759544C9-E2E3-4B75-A7BC-66DD25AAA767}.Debug|Any CPU.Build.0 = Debug|Any CPU
		{759544C9-E2E3-4B75-A7BC-66DD25AAA767}.Release|Any CPU.ActiveCfg = Release|Any CPU
		{759544C9-E2E3-4B75-A7BC-66DD25AAA767}.Release|Any CPU.Build.0 = Release|Any CPU
	EndGlobalSection
	GlobalSection(SolutionProperties) = preSolution
		HideSolutionNode = FALSE
	EndGlobalSection
	GlobalSection(ExtensibilityGlobals) = postSolution
		SolutionGuid = {450F875D-FCEC-4999-ABD6-E0599514C12A}
	EndGlobalSection
EndGlobal
